// !$*UTF8*$!
{
	archiveVersion = 1;
	classes = {
	};
	objectVersion = 50;
	objects = {

/* Begin PBXBuildFile section */
		3B27D6892486F513009C371C /* AllCasesTableViewCell.swift in Sources */ = {isa = PBXBuildFile; fileRef = 3B27D6872486F513009C371C /* AllCasesTableViewCell.swift */; };
		3B27D68A2486F513009C371C /* AllCasesTableViewCell.xib in Resources */ = {isa = PBXBuildFile; fileRef = 3B27D6882486F513009C371C /* AllCasesTableViewCell.xib */; };
		3B27D68C2487EAE5009C371C /* AllCasesPresenter.swift in Sources */ = {isa = PBXBuildFile; fileRef = 3B27D68B2487EAE5009C371C /* AllCasesPresenter.swift */; };
		3B27D68E2487EBE1009C371C /* AllCasesViewModel.swift in Sources */ = {isa = PBXBuildFile; fileRef = 3B27D68D2487EBE1009C371C /* AllCasesViewModel.swift */; };
		3B2CC3AF248BEAF800A3E187 /* SelectedCaseViewController.swift in Sources */ = {isa = PBXBuildFile; fileRef = 3B2CC3AD248BEAF800A3E187 /* SelectedCaseViewController.swift */; };
		3B2CC3B0248BEAF800A3E187 /* SelectedCaseViewController.xib in Resources */ = {isa = PBXBuildFile; fileRef = 3B2CC3AE248BEAF800A3E187 /* SelectedCaseViewController.xib */; };
		3B2CC3B2248C16A300A3E187 /* CALayer+Extensions.swift in Sources */ = {isa = PBXBuildFile; fileRef = 3B2CC3B1248C16A300A3E187 /* CALayer+Extensions.swift */; };
		3B73C97F2489251D004C1CF2 /* UIImageView+Extensions.swift in Sources */ = {isa = PBXBuildFile; fileRef = 3B73C97E2489251D004C1CF2 /* UIImageView+Extensions.swift */; };
		3B83B71624911F87009CF652 /* SelectedCaseViewModel.swift in Sources */ = {isa = PBXBuildFile; fileRef = 3B83B71524911F87009CF652 /* SelectedCaseViewModel.swift */; };
		3B83B7182491205A009CF652 /* SelectedCasePresenter.swift in Sources */ = {isa = PBXBuildFile; fileRef = 3B83B7172491205A009CF652 /* SelectedCasePresenter.swift */; };
		3B83B71A249266CC009CF652 /* HelperFuncions.swift in Sources */ = {isa = PBXBuildFile; fileRef = 3B83B719249266CC009CF652 /* HelperFuncions.swift */; };
		3B83B72124938509009CF652 /* SelectedCaseTableViewCell.swift in Sources */ = {isa = PBXBuildFile; fileRef = 3B83B71F24938509009CF652 /* SelectedCaseTableViewCell.swift */; };
		3B83B72224938509009CF652 /* SelectedCaseTableViewCell.xib in Resources */ = {isa = PBXBuildFile; fileRef = 3B83B72024938509009CF652 /* SelectedCaseTableViewCell.xib */; };
		3BC225172484FB89000080B8 /* AppDelegate.swift in Sources */ = {isa = PBXBuildFile; fileRef = 3BC225162484FB89000080B8 /* AppDelegate.swift */; };
		3BC225192484FB89000080B8 /* SceneDelegate.swift in Sources */ = {isa = PBXBuildFile; fileRef = 3BC225182484FB89000080B8 /* SceneDelegate.swift */; };
		3BC225202484FB8C000080B8 /* Assets.xcassets in Resources */ = {isa = PBXBuildFile; fileRef = 3BC2251F2484FB8C000080B8 /* Assets.xcassets */; };
		3BC225232484FB8C000080B8 /* LaunchScreen.storyboard in Resources */ = {isa = PBXBuildFile; fileRef = 3BC225212484FB8C000080B8 /* LaunchScreen.storyboard */; };
		3BC225392484FB8C000080B8 /* TabChallengeUITests.swift in Sources */ = {isa = PBXBuildFile; fileRef = 3BC225382484FB8C000080B8 /* TabChallengeUITests.swift */; };
		3BC225482484FD75000080B8 /* NetworkOperations.swift in Sources */ = {isa = PBXBuildFile; fileRef = 3BC225472484FD75000080B8 /* NetworkOperations.swift */; };
		3BC2254A2484FFC8000080B8 /* NetworkModel.swift in Sources */ = {isa = PBXBuildFile; fileRef = 3BC225492484FFC8000080B8 /* NetworkModel.swift */; };
		3BC2254C24859F78000080B8 /* NetworkOperationsTests.swift in Sources */ = {isa = PBXBuildFile; fileRef = 3BC2254B24859F78000080B8 /* NetworkOperationsTests.swift */; };
		3BC22552248671AA000080B8 /* AllCasesViewController.swift in Sources */ = {isa = PBXBuildFile; fileRef = 3BC22550248671AA000080B8 /* AllCasesViewController.swift */; };
		3BC22553248671AA000080B8 /* AllCasesViewController.xib in Resources */ = {isa = PBXBuildFile; fileRef = 3BC22551248671AA000080B8 /* AllCasesViewController.xib */; };
		3BDA376F249CB63A00398604 /* SelectedCasePresenterTests.swift in Sources */ = {isa = PBXBuildFile; fileRef = 3BDA376E249CB63A00398604 /* SelectedCasePresenterTests.swift */; };
		3BF8B87724979CE70012B72E /* PaddingLabel.swift in Sources */ = {isa = PBXBuildFile; fileRef = 3BF8B87624979CE70012B72E /* PaddingLabel.swift */; };
		3BF8B879249A6D110012B72E /* AllCasesPresenterTests.swift in Sources */ = {isa = PBXBuildFile; fileRef = 3BF8B878249A6D110012B72E /* AllCasesPresenterTests.swift */; };
		3BF8B87B249A703F0012B72E /* ProjectsResponse.swift in Sources */ = {isa = PBXBuildFile; fileRef = 3BF8B87A249A703F0012B72E /* ProjectsResponse.swift */; };
/* End PBXBuildFile section */

/* Begin PBXContainerItemProxy section */
		3BC2252A2484FB8C000080B8 /* PBXContainerItemProxy */ = {
			isa = PBXContainerItemProxy;
			containerPortal = 3BC2250B2484FB89000080B8 /* Project object */;
			proxyType = 1;
			remoteGlobalIDString = 3BC225122484FB89000080B8;
			remoteInfo = TabChallenge;
		};
		3BC225352484FB8C000080B8 /* PBXContainerItemProxy */ = {
			isa = PBXContainerItemProxy;
			containerPortal = 3BC2250B2484FB89000080B8 /* Project object */;
			proxyType = 1;
			remoteGlobalIDString = 3BC225122484FB89000080B8;
			remoteInfo = TabChallenge;
		};
/* End PBXContainerItemProxy section */

/* Begin PBXFileReference section */
		3B27D6872486F513009C371C /* AllCasesTableViewCell.swift */ = {isa = PBXFileReference; lastKnownFileType = sourcecode.swift; path = AllCasesTableViewCell.swift; sourceTree = "<group>"; };
		3B27D6882486F513009C371C /* AllCasesTableViewCell.xib */ = {isa = PBXFileReference; lastKnownFileType = file.xib; path = AllCasesTableViewCell.xib; sourceTree = "<group>"; };
		3B27D68B2487EAE5009C371C /* AllCasesPresenter.swift */ = {isa = PBXFileReference; lastKnownFileType = sourcecode.swift; path = AllCasesPresenter.swift; sourceTree = "<group>"; };
		3B27D68D2487EBE1009C371C /* AllCasesViewModel.swift */ = {isa = PBXFileReference; lastKnownFileType = sourcecode.swift; path = AllCasesViewModel.swift; sourceTree = "<group>"; };
		3B2CC3AD248BEAF800A3E187 /* SelectedCaseViewController.swift */ = {isa = PBXFileReference; lastKnownFileType = sourcecode.swift; path = SelectedCaseViewController.swift; sourceTree = "<group>"; };
		3B2CC3AE248BEAF800A3E187 /* SelectedCaseViewController.xib */ = {isa = PBXFileReference; lastKnownFileType = file.xib; path = SelectedCaseViewController.xib; sourceTree = "<group>"; };
		3B2CC3B1248C16A300A3E187 /* CALayer+Extensions.swift */ = {isa = PBXFileReference; lastKnownFileType = sourcecode.swift; path = "CALayer+Extensions.swift"; sourceTree = "<group>"; };
		3B73C97E2489251D004C1CF2 /* UIImageView+Extensions.swift */ = {isa = PBXFileReference; lastKnownFileType = sourcecode.swift; path = "UIImageView+Extensions.swift"; sourceTree = "<group>"; };
		3B83B71524911F87009CF652 /* SelectedCaseViewModel.swift */ = {isa = PBXFileReference; lastKnownFileType = sourcecode.swift; path = SelectedCaseViewModel.swift; sourceTree = "<group>"; };
		3B83B7172491205A009CF652 /* SelectedCasePresenter.swift */ = {isa = PBXFileReference; lastKnownFileType = sourcecode.swift; path = SelectedCasePresenter.swift; sourceTree = "<group>"; };
		3B83B719249266CC009CF652 /* HelperFuncions.swift */ = {isa = PBXFileReference; lastKnownFileType = sourcecode.swift; path = HelperFuncions.swift; sourceTree = "<group>"; };
		3B83B71F24938509009CF652 /* SelectedCaseTableViewCell.swift */ = {isa = PBXFileReference; lastKnownFileType = sourcecode.swift; path = SelectedCaseTableViewCell.swift; sourceTree = "<group>"; };
		3B83B72024938509009CF652 /* SelectedCaseTableViewCell.xib */ = {isa = PBXFileReference; lastKnownFileType = file.xib; path = SelectedCaseTableViewCell.xib; sourceTree = "<group>"; };
		3BC225132484FB89000080B8 /* TabChallenge.app */ = {isa = PBXFileReference; explicitFileType = wrapper.application; includeInIndex = 0; path = TabChallenge.app; sourceTree = BUILT_PRODUCTS_DIR; };
		3BC225162484FB89000080B8 /* AppDelegate.swift */ = {isa = PBXFileReference; lastKnownFileType = sourcecode.swift; path = AppDelegate.swift; sourceTree = "<group>"; };
		3BC225182484FB89000080B8 /* SceneDelegate.swift */ = {isa = PBXFileReference; lastKnownFileType = sourcecode.swift; path = SceneDelegate.swift; sourceTree = "<group>"; };
		3BC2251F2484FB8C000080B8 /* Assets.xcassets */ = {isa = PBXFileReference; lastKnownFileType = folder.assetcatalog; path = Assets.xcassets; sourceTree = "<group>"; };
		3BC225222484FB8C000080B8 /* Base */ = {isa = PBXFileReference; lastKnownFileType = file.storyboard; name = Base; path = Base.lproj/LaunchScreen.storyboard; sourceTree = "<group>"; };
		3BC225242484FB8C000080B8 /* Info.plist */ = {isa = PBXFileReference; lastKnownFileType = text.plist.xml; path = Info.plist; sourceTree = "<group>"; };
		3BC225292484FB8C000080B8 /* TabChallengeTests.xctest */ = {isa = PBXFileReference; explicitFileType = wrapper.cfbundle; includeInIndex = 0; path = TabChallengeTests.xctest; sourceTree = BUILT_PRODUCTS_DIR; };
		3BC2252F2484FB8C000080B8 /* Info.plist */ = {isa = PBXFileReference; lastKnownFileType = text.plist.xml; path = Info.plist; sourceTree = "<group>"; };
		3BC225342484FB8C000080B8 /* TabChallengeUITests.xctest */ = {isa = PBXFileReference; explicitFileType = wrapper.cfbundle; includeInIndex = 0; path = TabChallengeUITests.xctest; sourceTree = BUILT_PRODUCTS_DIR; };
		3BC225382484FB8C000080B8 /* TabChallengeUITests.swift */ = {isa = PBXFileReference; lastKnownFileType = sourcecode.swift; path = TabChallengeUITests.swift; sourceTree = "<group>"; };
		3BC2253A2484FB8C000080B8 /* Info.plist */ = {isa = PBXFileReference; lastKnownFileType = text.plist.xml; path = Info.plist; sourceTree = "<group>"; };
		3BC225472484FD75000080B8 /* NetworkOperations.swift */ = {isa = PBXFileReference; lastKnownFileType = sourcecode.swift; path = NetworkOperations.swift; sourceTree = "<group>"; };
		3BC225492484FFC8000080B8 /* NetworkModel.swift */ = {isa = PBXFileReference; lastKnownFileType = sourcecode.swift; path = NetworkModel.swift; sourceTree = "<group>"; };
		3BC2254B24859F78000080B8 /* NetworkOperationsTests.swift */ = {isa = PBXFileReference; lastKnownFileType = sourcecode.swift; path = NetworkOperationsTests.swift; sourceTree = "<group>"; };
		3BC22550248671AA000080B8 /* AllCasesViewController.swift */ = {isa = PBXFileReference; lastKnownFileType = sourcecode.swift; path = AllCasesViewController.swift; sourceTree = "<group>"; };
		3BC22551248671AA000080B8 /* AllCasesViewController.xib */ = {isa = PBXFileReference; lastKnownFileType = file.xib; path = AllCasesViewController.xib; sourceTree = "<group>"; };
		3BDA376E249CB63A00398604 /* SelectedCasePresenterTests.swift */ = {isa = PBXFileReference; lastKnownFileType = sourcecode.swift; path = SelectedCasePresenterTests.swift; sourceTree = "<group>"; };
		3BF8B87624979CE70012B72E /* PaddingLabel.swift */ = {isa = PBXFileReference; lastKnownFileType = sourcecode.swift; path = PaddingLabel.swift; sourceTree = "<group>"; };
		3BF8B878249A6D110012B72E /* AllCasesPresenterTests.swift */ = {isa = PBXFileReference; lastKnownFileType = sourcecode.swift; path = AllCasesPresenterTests.swift; sourceTree = "<group>"; };
		3BF8B87A249A703F0012B72E /* ProjectsResponse.swift */ = {isa = PBXFileReference; lastKnownFileType = sourcecode.swift; path = ProjectsResponse.swift; sourceTree = "<group>"; };
/* End PBXFileReference section */

/* Begin PBXFrameworksBuildPhase section */
		3BC225102484FB89000080B8 /* Frameworks */ = {
			isa = PBXFrameworksBuildPhase;
			buildActionMask = 2147483647;
			files = (
			);
			runOnlyForDeploymentPostprocessing = 0;
		};
		3BC225262484FB8C000080B8 /* Frameworks */ = {
			isa = PBXFrameworksBuildPhase;
			buildActionMask = 2147483647;
			files = (
			);
			runOnlyForDeploymentPostprocessing = 0;
		};
		3BC225312484FB8C000080B8 /* Frameworks */ = {
			isa = PBXFrameworksBuildPhase;
			buildActionMask = 2147483647;
			files = (
			);
			runOnlyForDeploymentPostprocessing = 0;
		};
/* End PBXFrameworksBuildPhase section */

/* Begin PBXGroup section */
		3B73C97B248805BC004C1CF2 /* Utils */ = {
			isa = PBXGroup;
			children = (
				3B73C97E2489251D004C1CF2 /* UIImageView+Extensions.swift */,
				3B2CC3B1248C16A300A3E187 /* CALayer+Extensions.swift */,
				3B83B719249266CC009CF652 /* HelperFuncions.swift */,
				3BF8B87624979CE70012B72E /* PaddingLabel.swift */,
			);
			path = Utils;
			sourceTree = "<group>";
		};
		3B73C980248A89F7004C1CF2 /* All Cases */ = {
			isa = PBXGroup;
			children = (
				3B27D68D2487EBE1009C371C /* AllCasesViewModel.swift */,
				3B27D68B2487EAE5009C371C /* AllCasesPresenter.swift */,
				3BC22550248671AA000080B8 /* AllCasesViewController.swift */,
				3B27D6872486F513009C371C /* AllCasesTableViewCell.swift */,
				3B27D6882486F513009C371C /* AllCasesTableViewCell.xib */,
				3BC22551248671AA000080B8 /* AllCasesViewController.xib */,
			);
			path = "All Cases";
			sourceTree = "<group>";
		};
		3B73C981248A8A06004C1CF2 /* Selected Case */ = {
			isa = PBXGroup;
			children = (
				3B83B71524911F87009CF652 /* SelectedCaseViewModel.swift */,
				3B83B7172491205A009CF652 /* SelectedCasePresenter.swift */,
				3B2CC3AD248BEAF800A3E187 /* SelectedCaseViewController.swift */,
				3B83B71F24938509009CF652 /* SelectedCaseTableViewCell.swift */,
				3B2CC3AE248BEAF800A3E187 /* SelectedCaseViewController.xib */,
				3B83B72024938509009CF652 /* SelectedCaseTableViewCell.xib */,
			);
			path = "Selected Case";
			sourceTree = "<group>";
		};
		3BC2250A2484FB89000080B8 = {
			isa = PBXGroup;
			children = (
				3BC225152484FB89000080B8 /* TabChallenge */,
				3BC2252C2484FB8C000080B8 /* TabChallengeTests */,
				3BC225372484FB8C000080B8 /* TabChallengeUITests */,
				3BC225142484FB89000080B8 /* Products */,
			);
			sourceTree = "<group>";
		};
		3BC225142484FB89000080B8 /* Products */ = {
			isa = PBXGroup;
			children = (
				3BC225132484FB89000080B8 /* TabChallenge.app */,
				3BC225292484FB8C000080B8 /* TabChallengeTests.xctest */,
				3BC225342484FB8C000080B8 /* TabChallengeUITests.xctest */,
			);
			name = Products;
			sourceTree = "<group>";
		};
		3BC225152484FB89000080B8 /* TabChallenge */ = {
			isa = PBXGroup;
			children = (
				3BC225162484FB89000080B8 /* AppDelegate.swift */,
				3BC225182484FB89000080B8 /* SceneDelegate.swift */,
				3BC2251F2484FB8C000080B8 /* Assets.xcassets */,
				3BC225212484FB8C000080B8 /* LaunchScreen.storyboard */,
				3BC225242484FB8C000080B8 /* Info.plist */,
				3B73C97B248805BC004C1CF2 /* Utils */,
				3BC2254F24867113000080B8 /* Case Studies */,
				3BC225462484FD43000080B8 /* Network Layer */,
			);
			path = TabChallenge;
			sourceTree = "<group>";
		};
		3BC2252C2484FB8C000080B8 /* TabChallengeTests */ = {
			isa = PBXGroup;
			children = (
				3BC2252F2484FB8C000080B8 /* Info.plist */,
				3BC2254B24859F78000080B8 /* NetworkOperationsTests.swift */,
				3BF8B878249A6D110012B72E /* AllCasesPresenterTests.swift */,
				3BF8B87A249A703F0012B72E /* ProjectsResponse.swift */,
				3BDA376E249CB63A00398604 /* SelectedCasePresenterTests.swift */,
			);
			path = TabChallengeTests;
			sourceTree = "<group>";
		};
		3BC225372484FB8C000080B8 /* TabChallengeUITests */ = {
			isa = PBXGroup;
			children = (
				3BC225382484FB8C000080B8 /* TabChallengeUITests.swift */,
				3BC2253A2484FB8C000080B8 /* Info.plist */,
			);
			path = TabChallengeUITests;
			sourceTree = "<group>";
		};
		3BC225462484FD43000080B8 /* Network Layer */ = {
			isa = PBXGroup;
			children = (
				3BC225472484FD75000080B8 /* NetworkOperations.swift */,
				3BC225492484FFC8000080B8 /* NetworkModel.swift */,
			);
			path = "Network Layer";
			sourceTree = "<group>";
		};
		3BC2254F24867113000080B8 /* Case Studies */ = {
			isa = PBXGroup;
			children = (
				3B73C981248A8A06004C1CF2 /* Selected Case */,
				3B73C980248A89F7004C1CF2 /* All Cases */,
			);
			path = "Case Studies";
			sourceTree = "<group>";
		};
/* End PBXGroup section */

/* Begin PBXNativeTarget section */
		3BC225122484FB89000080B8 /* TabChallenge */ = {
			isa = PBXNativeTarget;
			buildConfigurationList = 3BC2253D2484FB8C000080B8 /* Build configuration list for PBXNativeTarget "TabChallenge" */;
			buildPhases = (
				3BC2250F2484FB89000080B8 /* Sources */,
				3BC225102484FB89000080B8 /* Frameworks */,
				3BC225112484FB89000080B8 /* Resources */,
			);
			buildRules = (
			);
			dependencies = (
			);
			name = TabChallenge;
			productName = TabChallenge;
			productReference = 3BC225132484FB89000080B8 /* TabChallenge.app */;
			productType = "com.apple.product-type.application";
		};
		3BC225282484FB8C000080B8 /* TabChallengeTests */ = {
			isa = PBXNativeTarget;
			buildConfigurationList = 3BC225402484FB8C000080B8 /* Build configuration list for PBXNativeTarget "TabChallengeTests" */;
			buildPhases = (
				3BC225252484FB8C000080B8 /* Sources */,
				3BC225262484FB8C000080B8 /* Frameworks */,
				3BC225272484FB8C000080B8 /* Resources */,
			);
			buildRules = (
			);
			dependencies = (
				3BC2252B2484FB8C000080B8 /* PBXTargetDependency */,
			);
			name = TabChallengeTests;
			productName = TabChallengeTests;
			productReference = 3BC225292484FB8C000080B8 /* TabChallengeTests.xctest */;
			productType = "com.apple.product-type.bundle.unit-test";
		};
		3BC225332484FB8C000080B8 /* TabChallengeUITests */ = {
			isa = PBXNativeTarget;
			buildConfigurationList = 3BC225432484FB8C000080B8 /* Build configuration list for PBXNativeTarget "TabChallengeUITests" */;
			buildPhases = (
				3BC225302484FB8C000080B8 /* Sources */,
				3BC225312484FB8C000080B8 /* Frameworks */,
				3BC225322484FB8C000080B8 /* Resources */,
			);
			buildRules = (
			);
			dependencies = (
				3BC225362484FB8C000080B8 /* PBXTargetDependency */,
			);
			name = TabChallengeUITests;
			productName = TabChallengeUITests;
			productReference = 3BC225342484FB8C000080B8 /* TabChallengeUITests.xctest */;
			productType = "com.apple.product-type.bundle.ui-testing";
		};
/* End PBXNativeTarget section */

/* Begin PBXProject section */
		3BC2250B2484FB89000080B8 /* Project object */ = {
			isa = PBXProject;
			attributes = {
				LastSwiftUpdateCheck = 1130;
				LastUpgradeCheck = 1130;
				ORGANIZATIONNAME = Spare;
				TargetAttributes = {
					3BC225122484FB89000080B8 = {
						CreatedOnToolsVersion = 11.3.1;
					};
					3BC225282484FB8C000080B8 = {
						CreatedOnToolsVersion = 11.3.1;
						TestTargetID = 3BC225122484FB89000080B8;
					};
					3BC225332484FB8C000080B8 = {
						CreatedOnToolsVersion = 11.3.1;
						TestTargetID = 3BC225122484FB89000080B8;
					};
				};
			};
			buildConfigurationList = 3BC2250E2484FB89000080B8 /* Build configuration list for PBXProject "TabChallenge" */;
			compatibilityVersion = "Xcode 9.3";
			developmentRegion = en;
			hasScannedForEncodings = 0;
			knownRegions = (
				en,
				Base,
			);
			mainGroup = 3BC2250A2484FB89000080B8;
			productRefGroup = 3BC225142484FB89000080B8 /* Products */;
			projectDirPath = "";
			projectRoot = "";
			targets = (
				3BC225122484FB89000080B8 /* TabChallenge */,
				3BC225282484FB8C000080B8 /* TabChallengeTests */,
				3BC225332484FB8C000080B8 /* TabChallengeUITests */,
			);
		};
/* End PBXProject section */

/* Begin PBXResourcesBuildPhase section */
		3BC225112484FB89000080B8 /* Resources */ = {
			isa = PBXResourcesBuildPhase;
			buildActionMask = 2147483647;
			files = (
				3B83B72224938509009CF652 /* SelectedCaseTableViewCell.xib in Resources */,
				3BC225232484FB8C000080B8 /* LaunchScreen.storyboard in Resources */,
				3BC225202484FB8C000080B8 /* Assets.xcassets in Resources */,
				3B27D68A2486F513009C371C /* AllCasesTableViewCell.xib in Resources */,
				3BC22553248671AA000080B8 /* AllCasesViewController.xib in Resources */,
				3B2CC3B0248BEAF800A3E187 /* SelectedCaseViewController.xib in Resources */,
			);
			runOnlyForDeploymentPostprocessing = 0;
		};
		3BC225272484FB8C000080B8 /* Resources */ = {
			isa = PBXResourcesBuildPhase;
			buildActionMask = 2147483647;
			files = (
			);
			runOnlyForDeploymentPostprocessing = 0;
		};
		3BC225322484FB8C000080B8 /* Resources */ = {
			isa = PBXResourcesBuildPhase;
			buildActionMask = 2147483647;
			files = (
			);
			runOnlyForDeploymentPostprocessing = 0;
		};
/* End PBXResourcesBuildPhase section */

/* Begin PBXSourcesBuildPhase section */
		3BC2250F2484FB89000080B8 /* Sources */ = {
			isa = PBXSourcesBuildPhase;
			buildActionMask = 2147483647;
			files = (
				3B83B71A249266CC009CF652 /* HelperFuncions.swift in Sources */,
				3B27D68C2487EAE5009C371C /* AllCasesPresenter.swift in Sources */,
				3BC225482484FD75000080B8 /* NetworkOperations.swift in Sources */,
				3BC22552248671AA000080B8 /* AllCasesViewController.swift in Sources */,
				3BF8B87724979CE70012B72E /* PaddingLabel.swift in Sources */,
				3B73C97F2489251D004C1CF2 /* UIImageView+Extensions.swift in Sources */,
				3B27D6892486F513009C371C /* AllCasesTableViewCell.swift in Sources */,
				3BC225172484FB89000080B8 /* AppDelegate.swift in Sources */,
				3BC2254A2484FFC8000080B8 /* NetworkModel.swift in Sources */,
				3B2CC3B2248C16A300A3E187 /* CALayer+Extensions.swift in Sources */,
				3B2CC3AF248BEAF800A3E187 /* SelectedCaseViewController.swift in Sources */,
				3B27D68E2487EBE1009C371C /* AllCasesViewModel.swift in Sources */,
				3BC225192484FB89000080B8 /* SceneDelegate.swift in Sources */,
				3B83B71624911F87009CF652 /* SelectedCaseViewModel.swift in Sources */,
				3B83B7182491205A009CF652 /* SelectedCasePresenter.swift in Sources */,
				3B83B72124938509009CF652 /* SelectedCaseTableViewCell.swift in Sources */,
			);
			runOnlyForDeploymentPostprocessing = 0;
		};
		3BC225252484FB8C000080B8 /* Sources */ = {
			isa = PBXSourcesBuildPhase;
			buildActionMask = 2147483647;
			files = (
				3BF8B87B249A703F0012B72E /* ProjectsResponse.swift in Sources */,
				3BF8B879249A6D110012B72E /* AllCasesPresenterTests.swift in Sources */,
				3BDA376F249CB63A00398604 /* SelectedCasePresenterTests.swift in Sources */,
				3BC2254C24859F78000080B8 /* NetworkOperationsTests.swift in Sources */,
			);
			runOnlyForDeploymentPostprocessing = 0;
		};
		3BC225302484FB8C000080B8 /* Sources */ = {
			isa = PBXSourcesBuildPhase;
			buildActionMask = 2147483647;
			files = (
				3BC225392484FB8C000080B8 /* TabChallengeUITests.swift in Sources */,
			);
			runOnlyForDeploymentPostprocessing = 0;
		};
/* End PBXSourcesBuildPhase section */

/* Begin PBXTargetDependency section */
		3BC2252B2484FB8C000080B8 /* PBXTargetDependency */ = {
			isa = PBXTargetDependency;
			target = 3BC225122484FB89000080B8 /* TabChallenge */;
			targetProxy = 3BC2252A2484FB8C000080B8 /* PBXContainerItemProxy */;
		};
		3BC225362484FB8C000080B8 /* PBXTargetDependency */ = {
			isa = PBXTargetDependency;
			target = 3BC225122484FB89000080B8 /* TabChallenge */;
			targetProxy = 3BC225352484FB8C000080B8 /* PBXContainerItemProxy */;
		};
/* End PBXTargetDependency section */

/* Begin PBXVariantGroup section */
		3BC225212484FB8C000080B8 /* LaunchScreen.storyboard */ = {
			isa = PBXVariantGroup;
			children = (
				3BC225222484FB8C000080B8 /* Base */,
			);
			name = LaunchScreen.storyboard;
			sourceTree = "<group>";
		};
/* End PBXVariantGroup section */

/* Begin XCBuildConfiguration section */
		3BC2253B2484FB8C000080B8 /* Debug */ = {
			isa = XCBuildConfiguration;
			buildSettings = {
				ALWAYS_SEARCH_USER_PATHS = NO;
				CLANG_ANALYZER_NONNULL = YES;
				CLANG_ANALYZER_NUMBER_OBJECT_CONVERSION = YES_AGGRESSIVE;
				CLANG_CXX_LANGUAGE_STANDARD = "gnu++14";
				CLANG_CXX_LIBRARY = "libc++";
				CLANG_ENABLE_MODULES = YES;
				CLANG_ENABLE_OBJC_ARC = YES;
				CLANG_ENABLE_OBJC_WEAK = YES;
				CLANG_WARN_BLOCK_CAPTURE_AUTORELEASING = YES;
				CLANG_WARN_BOOL_CONVERSION = YES;
				CLANG_WARN_COMMA = YES;
				CLANG_WARN_CONSTANT_CONVERSION = YES;
				CLANG_WARN_DEPRECATED_OBJC_IMPLEMENTATIONS = YES;
				CLANG_WARN_DIRECT_OBJC_ISA_USAGE = YES_ERROR;
				CLANG_WARN_DOCUMENTATION_COMMENTS = YES;
				CLANG_WARN_EMPTY_BODY = YES;
				CLANG_WARN_ENUM_CONVERSION = YES;
				CLANG_WARN_INFINITE_RECURSION = YES;
				CLANG_WARN_INT_CONVERSION = YES;
				CLANG_WARN_NON_LITERAL_NULL_CONVERSION = YES;
				CLANG_WARN_OBJC_IMPLICIT_RETAIN_SELF = YES;
				CLANG_WARN_OBJC_LITERAL_CONVERSION = YES;
				CLANG_WARN_OBJC_ROOT_CLASS = YES_ERROR;
				CLANG_WARN_RANGE_LOOP_ANALYSIS = YES;
				CLANG_WARN_STRICT_PROTOTYPES = YES;
				CLANG_WARN_SUSPICIOUS_MOVE = YES;
				CLANG_WARN_UNGUARDED_AVAILABILITY = YES_AGGRESSIVE;
				CLANG_WARN_UNREACHABLE_CODE = YES;
				CLANG_WARN__DUPLICATE_METHOD_MATCH = YES;
				COPY_PHASE_STRIP = NO;
				DEBUG_INFORMATION_FORMAT = dwarf;
				ENABLE_STRICT_OBJC_MSGSEND = YES;
				ENABLE_TESTABILITY = YES;
				GCC_C_LANGUAGE_STANDARD = gnu11;
				GCC_DYNAMIC_NO_PIC = NO;
				GCC_NO_COMMON_BLOCKS = YES;
				GCC_OPTIMIZATION_LEVEL = 0;
				GCC_PREPROCESSOR_DEFINITIONS = (
					"DEBUG=1",
					"$(inherited)",
				);
				GCC_WARN_64_TO_32_BIT_CONVERSION = YES;
				GCC_WARN_ABOUT_RETURN_TYPE = YES_ERROR;
				GCC_WARN_UNDECLARED_SELECTOR = YES;
				GCC_WARN_UNINITIALIZED_AUTOS = YES_AGGRESSIVE;
				GCC_WARN_UNUSED_FUNCTION = YES;
				GCC_WARN_UNUSED_VARIABLE = YES;
				IPHONEOS_DEPLOYMENT_TARGET = 13.2;
				MTL_ENABLE_DEBUG_INFO = INCLUDE_SOURCE;
				MTL_FAST_MATH = YES;
				ONLY_ACTIVE_ARCH = YES;
				SDKROOT = iphoneos;
				SWIFT_ACTIVE_COMPILATION_CONDITIONS = DEBUG;
				SWIFT_OPTIMIZATION_LEVEL = "-Onone";
			};
			name = Debug;
		};
		3BC2253C2484FB8C000080B8 /* Release */ = {
			isa = XCBuildConfiguration;
			buildSettings = {
				ALWAYS_SEARCH_USER_PATHS = NO;
				CLANG_ANALYZER_NONNULL = YES;
				CLANG_ANALYZER_NUMBER_OBJECT_CONVERSION = YES_AGGRESSIVE;
				CLANG_CXX_LANGUAGE_STANDARD = "gnu++14";
				CLANG_CXX_LIBRARY = "libc++";
				CLANG_ENABLE_MODULES = YES;
				CLANG_ENABLE_OBJC_ARC = YES;
				CLANG_ENABLE_OBJC_WEAK = YES;
				CLANG_WARN_BLOCK_CAPTURE_AUTORELEASING = YES;
				CLANG_WARN_BOOL_CONVERSION = YES;
				CLANG_WARN_COMMA = YES;
				CLANG_WARN_CONSTANT_CONVERSION = YES;
				CLANG_WARN_DEPRECATED_OBJC_IMPLEMENTATIONS = YES;
				CLANG_WARN_DIRECT_OBJC_ISA_USAGE = YES_ERROR;
				CLANG_WARN_DOCUMENTATION_COMMENTS = YES;
				CLANG_WARN_EMPTY_BODY = YES;
				CLANG_WARN_ENUM_CONVERSION = YES;
				CLANG_WARN_INFINITE_RECURSION = YES;
				CLANG_WARN_INT_CONVERSION = YES;
				CLANG_WARN_NON_LITERAL_NULL_CONVERSION = YES;
				CLANG_WARN_OBJC_IMPLICIT_RETAIN_SELF = YES;
				CLANG_WARN_OBJC_LITERAL_CONVERSION = YES;
				CLANG_WARN_OBJC_ROOT_CLASS = YES_ERROR;
				CLANG_WARN_RANGE_LOOP_ANALYSIS = YES;
				CLANG_WARN_STRICT_PROTOTYPES = YES;
				CLANG_WARN_SUSPICIOUS_MOVE = YES;
				CLANG_WARN_UNGUARDED_AVAILABILITY = YES_AGGRESSIVE;
				CLANG_WARN_UNREACHABLE_CODE = YES;
				CLANG_WARN__DUPLICATE_METHOD_MATCH = YES;
				COPY_PHASE_STRIP = NO;
				DEBUG_INFORMATION_FORMAT = "dwarf-with-dsym";
				ENABLE_NS_ASSERTIONS = NO;
				ENABLE_STRICT_OBJC_MSGSEND = YES;
				GCC_C_LANGUAGE_STANDARD = gnu11;
				GCC_NO_COMMON_BLOCKS = YES;
				GCC_WARN_64_TO_32_BIT_CONVERSION = YES;
				GCC_WARN_ABOUT_RETURN_TYPE = YES_ERROR;
				GCC_WARN_UNDECLARED_SELECTOR = YES;
				GCC_WARN_UNINITIALIZED_AUTOS = YES_AGGRESSIVE;
				GCC_WARN_UNUSED_FUNCTION = YES;
				GCC_WARN_UNUSED_VARIABLE = YES;
				IPHONEOS_DEPLOYMENT_TARGET = 13.2;
				MTL_ENABLE_DEBUG_INFO = NO;
				MTL_FAST_MATH = YES;
				SDKROOT = iphoneos;
				SWIFT_COMPILATION_MODE = wholemodule;
				SWIFT_OPTIMIZATION_LEVEL = "-O";
				VALIDATE_PRODUCT = YES;
			};
			name = Release;
		};
		3BC2253E2484FB8C000080B8 /* Debug */ = {
			isa = XCBuildConfiguration;
			buildSettings = {
				ASSETCATALOG_COMPILER_APPICON_NAME = AppIcon;
				CODE_SIGN_STYLE = Automatic;
				DEVELOPMENT_TEAM = M7ZBSHCGRM;
				INFOPLIST_FILE = TabChallenge/Info.plist;
				LD_RUNPATH_SEARCH_PATHS = (
					"$(inherited)",
					"@executable_path/Frameworks",
				);
				PRODUCT_BUNDLE_IDENTIFIER = mca.TabChallenge;
				PRODUCT_NAME = "$(TARGET_NAME)";
				SWIFT_VERSION = 5.0;
				TARGETED_DEVICE_FAMILY = "1,2";
			};
			name = Debug;
		};
		3BC2253F2484FB8C000080B8 /* Release */ = {
			isa = XCBuildConfiguration;
			buildSettings = {
				ASSETCATALOG_COMPILER_APPICON_NAME = AppIcon;
				CODE_SIGN_STYLE = Automatic;
				DEVELOPMENT_TEAM = M7ZBSHCGRM;
				INFOPLIST_FILE = TabChallenge/Info.plist;
				LD_RUNPATH_SEARCH_PATHS = (
					"$(inherited)",
					"@executable_path/Frameworks",
				);
				PRODUCT_BUNDLE_IDENTIFIER = mca.TabChallenge;
				PRODUCT_NAME = "$(TARGET_NAME)";
				SWIFT_VERSION = 5.0;
				TARGETED_DEVICE_FAMILY = "1,2";
			};
			name = Release;
		};
		3BC225412484FB8C000080B8 /* Debug */ = {
			isa = XCBuildConfiguration;
			buildSettings = {
				ALWAYS_EMBED_SWIFT_STANDARD_LIBRARIES = YES;
				BUNDLE_LOADER = "$(TEST_HOST)";
				CODE_SIGN_STYLE = Automatic;
				DEVELOPMENT_TEAM = M7ZBSHCGRM;
				INFOPLIST_FILE = TabChallengeTests/Info.plist;
				IPHONEOS_DEPLOYMENT_TARGET = 13.2;
				LD_RUNPATH_SEARCH_PATHS = (
					"$(inherited)",
					"@executable_path/Frameworks",
					"@loader_path/Frameworks",
				);
				PRODUCT_BUNDLE_IDENTIFIER = mca.TabChallengeTests;
				PRODUCT_NAME = "$(TARGET_NAME)";
				SWIFT_VERSION = 5.0;
				TARGETED_DEVICE_FAMILY = "1,2";
				TEST_HOST = "$(BUILT_PRODUCTS_DIR)/TabChallenge.app/TabChallenge";
			};
			name = Debug;
		};
		3BC225422484FB8C000080B8 /* Release */ = {
			isa = XCBuildConfiguration;
			buildSettings = {
				ALWAYS_EMBED_SWIFT_STANDARD_LIBRARIES = YES;
				BUNDLE_LOADER = "$(TEST_HOST)";
				CODE_SIGN_STYLE = Automatic;
				DEVELOPMENT_TEAM = M7ZBSHCGRM;
				INFOPLIST_FILE = TabChallengeTests/Info.plist;
				IPHONEOS_DEPLOYMENT_TARGET = 13.2;
				LD_RUNPATH_SEARCH_PATHS = (
					"$(inherited)",
					"@executable_path/Frameworks",
					"@loader_path/Frameworks",
				);
				PRODUCT_BUNDLE_IDENTIFIER = mca.TabChallengeTests;
				PRODUCT_NAME = "$(TARGET_NAME)";
				SWIFT_VERSION = 5.0;
				TARGETED_DEVICE_FAMILY = "1,2";
				TEST_HOST = "$(BUILT_PRODUCTS_DIR)/TabChallenge.app/TabChallenge";
			};
			name = Release;
		};
		3BC225442484FB8C000080B8 /* Debug */ = {
			isa = XCBuildConfiguration;
			buildSettings = {
				ALWAYS_EMBED_SWIFT_STANDARD_LIBRARIES = YES;
				CODE_SIGN_STYLE = Automatic;
				DEVELOPMENT_TEAM = M7ZBSHCGRM;
				INFOPLIST_FILE = TabChallengeUITests/Info.plist;
				LD_RUNPATH_SEARCH_PATHS = (
					"$(inherited)",
					"@executable_path/Frameworks",
					"@loader_path/Frameworks",
				);
				PRODUCT_BUNDLE_IDENTIFIER = mca.TabChallengeUITests;
				PRODUCT_NAME = "$(TARGET_NAME)";
				SWIFT_VERSION = 5.0;
				TARGETED_DEVICE_FAMILY = "1,2";
				TEST_TARGET_NAME = TabChallenge;
			};
			name = Debug;
		};
		3BC225452484FB8C000080B8 /* Release */ = {
			isa = XCBuildConfiguration;
			buildSettings = {
				ALWAYS_EMBED_SWIFT_STANDARD_LIBRARIES = YES;
				CODE_SIGN_STYLE = Automatic;
				DEVELOPMENT_TEAM = M7ZBSHCGRM;
				INFOPLIST_FILE = TabChallengeUITests/Info.plist;
				LD_RUNPATH_SEARCH_PATHS = (
					"$(inherited)",
					"@executable_path/Frameworks",
					"@loader_path/Frameworks",
				);
				PRODUCT_BUNDLE_IDENTIFIER = mca.TabChallengeUITests;
				PRODUCT_NAME = "$(TARGET_NAME)";
				SWIFT_VERSION = 5.0;
				TARGETED_DEVICE_FAMILY = "1,2";
				TEST_TARGET_NAME = TabChallenge;
			};
			name = Release;
		};
/* End XCBuildConfiguration section */

/* Begin XCConfigurationList section */
		3BC2250E2484FB89000080B8 /* Build configuration list for PBXProject "TabChallenge" */ = {
			isa = XCConfigurationList;
			buildConfigurations = (
				3BC2253B2484FB8C000080B8 /* Debug */,
				3BC2253C2484FB8C000080B8 /* Release */,
			);
			defaultConfigurationIsVisible = 0;
			defaultConfigurationName = Release;
		};
		3BC2253D2484FB8C000080B8 /* Build configuration list for PBXNativeTarget "TabChallenge" */ = {
			isa = XCConfigurationList;
			buildConfigurations = (
				3BC2253E2484FB8C000080B8 /* Debug */,
				3BC2253F2484FB8C000080B8 /* Release */,
			);
			defaultConfigurationIsVisible = 0;
			defaultConfigurationName = Release;
		};
		3BC225402484FB8C000080B8 /* Build configuration list for PBXNativeTarget "TabChallengeTests" */ = {
			isa = XCConfigurationList;
			buildConfigurations = (
				3BC225412484FB8C000080B8 /* Debug */,
				3BC225422484FB8C000080B8 /* Release */,
			);
			defaultConfigurationIsVisible = 0;
			defaultConfigurationName = Release;
		};
		3BC225432484FB8C000080B8 /* Build configuration list for PBXNativeTarget "TabChallengeUITests" */ = {
			isa = XCConfigurationList;
			buildConfigurations = (
				3BC225442484FB8C000080B8 /* Debug */,
				3BC225452484FB8C000080B8 /* Release */,
			);
			defaultConfigurationIsVisible = 0;
			defaultConfigurationName = Release;
		};
/* End XCConfigurationList section */
	};
	rootObject = 3BC2250B2484FB89000080B8 /* Project object */;
}
